// !$*UTF8*$!
{
	archiveVersion = 1;
	classes = {
	};
	objectVersion = 50;
	objects = {

/* Begin PBXBuildFile section */
		E94D478924C0B886000E955F /* AppDelegate.swift in Sources */ = {isa = PBXBuildFile; fileRef = E94D478824C0B886000E955F /* AppDelegate.swift */; };
		E94D478B24C0B886000E955F /* SceneDelegate.swift in Sources */ = {isa = PBXBuildFile; fileRef = E94D478A24C0B886000E955F /* SceneDelegate.swift */; };
		E94D478D24C0B886000E955F /* ViewController.swift in Sources */ = {isa = PBXBuildFile; fileRef = E94D478C24C0B886000E955F /* ViewController.swift */; };
		E94D479024C0B886000E955F /* Main.storyboard in Resources */ = {isa = PBXBuildFile; fileRef = E94D478E24C0B886000E955F /* Main.storyboard */; };
		E94D479224C0B889000E955F /* Assets.xcassets in Resources */ = {isa = PBXBuildFile; fileRef = E94D479124C0B889000E955F /* Assets.xcassets */; };
		E94D479524C0B889000E955F /* LaunchScreen.storyboard in Resources */ = {isa = PBXBuildFile; fileRef = E94D479324C0B889000E955F /* LaunchScreen.storyboard */; };
		E97DEC5124C206F9006ECF30 /* Resnet50.mlmodel in Sources */ = {isa = PBXBuildFile; fileRef = E97DEC5024C206F9006ECF30 /* Resnet50.mlmodel */; };
/* End PBXBuildFile section */

/* Begin PBXFileReference section */
		E94D478524C0B886000E955F /* SmartEye - CoreMLCameraDetection.app */ = {isa = PBXFileReference; explicitFileType = wrapper.application; includeInIndex = 0; path = "SmartEye - CoreMLCameraDetection.app"; sourceTree = BUILT_PRODUCTS_DIR; };
		E94D478824C0B886000E955F /* AppDelegate.swift */ = {isa = PBXFileReference; lastKnownFileType = sourcecode.swift; path = AppDelegate.swift; sourceTree = "<group>"; };
		E94D478A24C0B886000E955F /* SceneDelegate.swift */ = {isa = PBXFileReference; lastKnownFileType = sourcecode.swift; path = SceneDelegate.swift; sourceTree = "<group>"; };
		E94D478C24C0B886000E955F /* ViewController.swift */ = {isa = PBXFileReference; lastKnownFileType = sourcecode.swift; path = ViewController.swift; sourceTree = "<group>"; };
		E94D478F24C0B886000E955F /* Base */ = {isa = PBXFileReference; lastKnownFileType = file.storyboard; name = Base; path = Base.lproj/Main.storyboard; sourceTree = "<group>"; };
		E94D479124C0B889000E955F /* Assets.xcassets */ = {isa = PBXFileReference; lastKnownFileType = folder.assetcatalog; path = Assets.xcassets; sourceTree = "<group>"; };
		E94D479424C0B889000E955F /* Base */ = {isa = PBXFileReference; lastKnownFileType = file.storyboard; name = Base; path = Base.lproj/LaunchScreen.storyboard; sourceTree = "<group>"; };
		E94D479624C0B889000E955F /* Info.plist */ = {isa = PBXFileReference; lastKnownFileType = text.plist.xml; path = Info.plist; sourceTree = "<group>"; };
		E97DEC5024C206F9006ECF30 /* Resnet50.mlmodel */ = {isa = PBXFileReference; lastKnownFileType = file.mlmodel; path = Resnet50.mlmodel; sourceTree = "<group>"; };
/* End PBXFileReference section */

/* Begin PBXFrameworksBuildPhase section */
		E94D478224C0B886000E955F /* Frameworks */ = {
			isa = PBXFrameworksBuildPhase;
			buildActionMask = 2147483647;
			files = (
			);
			runOnlyForDeploymentPostprocessing = 0;
		};
/* End PBXFrameworksBuildPhase section */

/* Begin PBXGroup section */
		E94D477C24C0B886000E955F = {
			isa = PBXGroup;
			children = (
				E94D478724C0B886000E955F /* SmartEye - CoreMLCameraDetection */,
				E94D478624C0B886000E955F /* Products */,
			);
			sourceTree = "<group>";
		};
		E94D478624C0B886000E955F /* Products */ = {
			isa = PBXGroup;
			children = (
				E94D478524C0B886000E955F /* SmartEye - CoreMLCameraDetection.app */,
			);
			name = Products;
			sourceTree = "<group>";
		};
		E94D478724C0B886000E955F /* SmartEye - CoreMLCameraDetection */ = {
			isa = PBXGroup;
			children = (
				E94D478824C0B886000E955F /* AppDelegate.swift */,
				E97DEC5024C206F9006ECF30 /* Resnet50.mlmodel */,
				E94D478A24C0B886000E955F /* SceneDelegate.swift */,
				E94D478C24C0B886000E955F /* ViewController.swift */,
				E94D478E24C0B886000E955F /* Main.storyboard */,
				E94D479124C0B889000E955F /* Assets.xcassets */,
				E94D479324C0B889000E955F /* LaunchScreen.storyboard */,
				E94D479624C0B889000E955F /* Info.plist */,
			);
			path = "SmartEye - CoreMLCameraDetection";
			sourceTree = "<group>";
		};
/* End PBXGroup section */

/* Begin PBXNativeTarget section */
		E94D478424C0B886000E955F /* SmartEye - CoreMLCameraDetection */ = {
			isa = PBXNativeTarget;
			buildConfigurationList = E94D479924C0B889000E955F /* Build configuration list for PBXNativeTarget "SmartEye - CoreMLCameraDetection" */;
			buildPhases = (
				E94D478124C0B886000E955F /* Sources */,
				E94D478224C0B886000E955F /* Frameworks */,
				E94D478324C0B886000E955F /* Resources */,
			);
			buildRules = (
			);
			dependencies = (
			);
			name = "SmartEye - CoreMLCameraDetection";
			productName = "SmartEye - CoreMLCameraDetection";
			productReference = E94D478524C0B886000E955F /* SmartEye - CoreMLCameraDetection.app */;
			productType = "com.apple.product-type.application";
		};
/* End PBXNativeTarget section */

/* Begin PBXProject section */
		E94D477D24C0B886000E955F /* Project object */ = {
			isa = PBXProject;
			attributes = {
				LastSwiftUpdateCheck = 1150;
				LastUpgradeCheck = 1200;
				ORGANIZATIONNAME = "Joseph Bouhanef";
				TargetAttributes = {
					E94D478424C0B886000E955F = {
						CreatedOnToolsVersion = 11.5;
					};
				};
			};
			buildConfigurationList = E94D478024C0B886000E955F /* Build configuration list for PBXProject "SmartEye - CoreMLCameraDetection" */;
			compatibilityVersion = "Xcode 9.3";
			developmentRegion = en;
			hasScannedForEncodings = 0;
			knownRegions = (
				en,
				Base,
			);
			mainGroup = E94D477C24C0B886000E955F;
			productRefGroup = E94D478624C0B886000E955F /* Products */;
			projectDirPath = "";
			projectRoot = "";
			targets = (
				E94D478424C0B886000E955F /* SmartEye - CoreMLCameraDetection */,
			);
		};
/* End PBXProject section */

/* Begin PBXResourcesBuildPhase section */
		E94D478324C0B886000E955F /* Resources */ = {
			isa = PBXResourcesBuildPhase;
			buildActionMask = 2147483647;
			files = (
				E94D479524C0B889000E955F /* LaunchScreen.storyboard in Resources */,
				E94D479224C0B889000E955F /* Assets.xcassets in Resources */,
				E94D479024C0B886000E955F /* Main.storyboard in Resources */,
			);
			runOnlyForDeploymentPostprocessing = 0;
		};
/* End PBXResourcesBuildPhase section */

/* Begin PBXSourcesBuildPhase section */
		E94D478124C0B886000E955F /* Sources */ = {
			isa = PBXSourcesBuildPhase;
			buildActionMask = 2147483647;
			files = (
				E94D478D24C0B886000E955F /* ViewController.swift in Sources */,
				E94D478924C0B886000E955F /* AppDelegate.swift in Sources */,
				E97DEC5124C206F9006ECF30 /* Resnet50.mlmodel in Sources */,
				E94D478B24C0B886000E955F /* SceneDelegate.swift in Sources */,
			);
			runOnlyForDeploymentPostprocessing = 0;
		};
/* End PBXSourcesBuildPhase section */

/* Begin PBXVariantGroup section */
		E94D478E24C0B886000E955F /* Main.storyboard */ = {
			isa = PBXVariantGroup;
			children = (
				E94D478F24C0B886000E955F /* Base */,
			);
			name = Main.storyboard;
			sourceTree = "<group>";
		};
		E94D479324C0B889000E955F /* LaunchScreen.storyboard */ = {
			isa = PBXVariantGroup;
			children = (
				E94D479424C0B889000E955F /* Base */,
			);
			name = LaunchScreen.storyboard;
			sourceTree = "<group>";
		};
/* End PBXVariantGroup section */

/* Begin XCBuildConfiguration section */
		E94D479724C0B889000E955F /* Debug */ = {
			isa = XCBuildConfiguration;
			buildSettings = {
				ALWAYS_SEARCH_USER_PATHS = NO;
				CLANG_ANALYZER_NONNULL = YES;
				CLANG_ANALYZER_NUMBER_OBJECT_CONVERSION = YES_AGGRESSIVE;
				CLANG_CXX_LANGUAGE_STANDARD = "gnu++14";
				CLANG_CXX_LIBRARY = "libc++";
				CLANG_ENABLE_MODULES = YES;
				CLANG_ENABLE_OBJC_ARC = YES;
				CLANG_ENABLE_OBJC_WEAK = YES;
				CLANG_WARN_BLOCK_CAPTURE_AUTORELEASING = YES;
				CLANG_WARN_BOOL_CONVERSION = YES;
				CLANG_WARN_COMMA = YES;
				CLANG_WARN_CONSTANT_CONVERSION = YES;
				CLANG_WARN_DEPRECATED_OBJC_IMPLEMENTATIONS = YES;
				CLANG_WARN_DIRECT_OBJC_ISA_USAGE = YES_ERROR;
				CLANG_WARN_DOCUMENTATION_COMMENTS = YES;
				CLANG_WARN_EMPTY_BODY = YES;
				CLANG_WARN_ENUM_CONVERSION = YES;
				CLANG_WARN_INFINITE_RECURSION = YES;
				CLANG_WARN_INT_CONVERSION = YES;
				CLANG_WARN_NON_LITERAL_NULL_CONVERSION = YES;
				CLANG_WARN_OBJC_IMPLICIT_RETAIN_SELF = YES;
				CLANG_WARN_OBJC_LITERAL_CONVERSION = YES;
				CLANG_WARN_OBJC_ROOT_CLASS = YES_ERROR;
				CLANG_WARN_QUOTED_INCLUDE_IN_FRAMEWORK_HEADER = YES;
				CLANG_WARN_RANGE_LOOP_ANALYSIS = YES;
				CLANG_WARN_STRICT_PROTOTYPES = YES;
				CLANG_WARN_SUSPICIOUS_MOVE = YES;
				CLANG_WARN_UNGUARDED_AVAILABILITY = YES_AGGRESSIVE;
				CLANG_WARN_UNREACHABLE_CODE = YES;
				CLANG_WARN__DUPLICATE_METHOD_MATCH = YES;
				COPY_PHASE_STRIP = NO;
				DEBUG_INFORMATION_FORMAT = dwarf;
				ENABLE_STRICT_OBJC_MSGSEND = YES;
				ENABLE_TESTABILITY = YES;
				GCC_C_LANGUAGE_STANDARD = gnu11;
				GCC_DYNAMIC_NO_PIC = NO;
				GCC_NO_COMMON_BLOCKS = YES;
				GCC_OPTIMIZATION_LEVEL = 0;
				GCC_PREPROCESSOR_DEFINITIONS = (
					"DEBUG=1",
					"$(inherited)",
				);
				GCC_WARN_64_TO_32_BIT_CONVERSION = YES;
				GCC_WARN_ABOUT_RETURN_TYPE = YES_ERROR;
				GCC_WARN_UNDECLARED_SELECTOR = YES;
				GCC_WARN_UNINITIALIZED_AUTOS = YES_AGGRESSIVE;
				GCC_WARN_UNUSED_FUNCTION = YES;
				GCC_WARN_UNUSED_VARIABLE = YES;
				IPHONEOS_DEPLOYMENT_TARGET = 13.5;
				MTL_ENABLE_DEBUG_INFO = INCLUDE_SOURCE;
				MTL_FAST_MATH = YES;
				ONLY_ACTIVE_ARCH = YES;
				SDKROOT = iphoneos;
				SWIFT_ACTIVE_COMPILATION_CONDITIONS = DEBUG;
				SWIFT_OPTIMIZATION_LEVEL = "-Onone";
			};
			name = Debug;
		};
		E94D479824C0B889000E955F /* Release */ = {
			isa = XCBuildConfiguration;
			buildSettings = {
				ALWAYS_SEARCH_USER_PATHS = NO;
				CLANG_ANALYZER_NONNULL = YES;
				CLANG_ANALYZER_NUMBER_OBJECT_CONVERSION = YES_AGGRESSIVE;
				CLANG_CXX_LANGUAGE_STANDARD = "gnu++14";
				CLANG_CXX_LIBRARY = "libc++";
				CLANG_ENABLE_MODULES = YES;
				CLANG_ENABLE_OBJC_ARC = YES;
				CLANG_ENABLE_OBJC_WEAK = YES;
				CLANG_WARN_BLOCK_CAPTURE_AUTORELEASING = YES;
				CLANG_WARN_BOOL_CONVERSION = YES;
				CLANG_WARN_COMMA = YES;
				CLANG_WARN_CONSTANT_CONVERSION = YES;
				CLANG_WARN_DEPRECATED_OBJC_IMPLEMENTATIONS = YES;
				CLANG_WARN_DIRECT_OBJC_ISA_USAGE = YES_ERROR;
				CLANG_WARN_DOCUMENTATION_COMMENTS = YES;
				CLANG_WARN_EMPTY_BODY = YES;
				CLANG_WARN_ENUM_CONVERSION = YES;
				CLANG_WARN_INFINITE_RECURSION = YES;
				CLANG_WARN_INT_CONVERSION = YES;
				CLANG_WARN_NON_LITERAL_NULL_CONVERSION = YES;
				CLANG_WARN_OBJC_IMPLICIT_RETAIN_SELF = YES;
				CLANG_WARN_OBJC_LITERAL_CONVERSION = YES;
				CLANG_WARN_OBJC_ROOT_CLASS = YES_ERROR;
				CLANG_WARN_QUOTED_INCLUDE_IN_FRAMEWORK_HEADER = YES;
				CLANG_WARN_RANGE_LOOP_ANALYSIS = YES;
				CLANG_WARN_STRICT_PROTOTYPES = YES;
				CLANG_WARN_SUSPICIOUS_MOVE = YES;
				CLANG_WARN_UNGUARDED_AVAILABILITY = YES_AGGRESSIVE;
				CLANG_WARN_UNREACHABLE_CODE = YES;
				CLANG_WARN__DUPLICATE_METHOD_MATCH = YES;
				COPY_PHASE_STRIP = NO;
				DEBUG_INFORMATION_FORMAT = "dwarf-with-dsym";
				ENABLE_NS_ASSERTIONS = NO;
				ENABLE_STRICT_OBJC_MSGSEND = YES;
				GCC_C_LANGUAGE_STANDARD = gnu11;
				GCC_NO_COMMON_BLOCKS = YES;
				GCC_WARN_64_TO_32_BIT_CONVERSION = YES;
				GCC_WARN_ABOUT_RETURN_TYPE = YES_ERROR;
				GCC_WARN_UNDECLARED_SELECTOR = YES;
				GCC_WARN_UNINITIALIZED_AUTOS = YES_AGGRESSIVE;
				GCC_WARN_UNUSED_FUNCTION = YES;
				GCC_WARN_UNUSED_VARIABLE = YES;
				IPHONEOS_DEPLOYMENT_TARGET = 13.5;
				MTL_ENABLE_DEBUG_INFO = NO;
				MTL_FAST_MATH = YES;
				SDKROOT = iphoneos;
				SWIFT_COMPILATION_MODE = wholemodule;
				SWIFT_OPTIMIZATION_LEVEL = "-O";
				VALIDATE_PRODUCT = YES;
			};
			name = Release;
		};
		E94D479A24C0B889000E955F /* Debug */ = {
			isa = XCBuildConfiguration;
			buildSettings = {
				ASSETCATALOG_COMPILER_APPICON_NAME = AppIcon;
				CODE_SIGN_STYLE = Automatic;
				DEVELOPMENT_TEAM = T3UM763386;
				INFOPLIST_FILE = "SmartEye - CoreMLCameraDetection/Info.plist";
				LD_RUNPATH_SEARCH_PATHS = (
					"$(inherited)",
					"@executable_path/Frameworks",
				);
				PRODUCT_BUNDLE_IDENTIFIER = "com.JosephBouhanef.SmartEye---CoreMLCameraDetection";
				PRODUCT_NAME = "$(TARGET_NAME)";
				SWIFT_VERSION = 5.0;
				TARGETED_DEVICE_FAMILY = "1,2";
			};
			name = Debug;
		};
		E94D479B24C0B889000E955F /* Release */ = {
			isa = XCBuildConfiguration;
			buildSettings = {
				ASSETCATALOG_COMPILER_APPICON_NAME = AppIcon;
				CODE_SIGN_STYLE = Automatic;
				DEVELOPMENT_TEAM = T3UM763386;
				INFOPLIST_FILE = "SmartEye - CoreMLCameraDetection/Info.plist";
				LD_RUNPATH_SEARCH_PATHS = (
					"$(inherited)",
					"@executable_path/Frameworks",
				);
				PRODUCT_BUNDLE_IDENTIFIER = "com.JosephBouhanef.SmartEye---CoreMLCameraDetection";
				PRODUCT_NAME = "$(TARGET_NAME)";
				SWIFT_VERSION = 5.0;
				TARGETED_DEVICE_FAMILY = "1,2";
			};
			name = Release;
		};
/* End XCBuildConfiguration section */

/* Begin XCConfigurationList section */
		E94D478024C0B886000E955F /* Build configuration list for PBXProject "SmartEye - CoreMLCameraDetection" */ = {
			isa = XCConfigurationList;
			buildConfigurations = (
				E94D479724C0B889000E955F /* Debug */,
				E94D479824C0B889000E955F /* Release */,
			);
			defaultConfigurationIsVisible = 0;
			defaultConfigurationName = Release;
		};
		E94D479924C0B889000E955F /* Build configuration list for PBXNativeTarget "SmartEye - CoreMLCameraDetection" */ = {
			isa = XCConfigurationList;
			buildConfigurations = (
				E94D479A24C0B889000E955F /* Debug */,
				E94D479B24C0B889000E955F /* Release */,
			);
			defaultConfigurationIsVisible = 0;
			defaultConfigurationName = Release;
		};
/* End XCConfigurationList section */
	};
	rootObject = E94D477D24C0B886000E955F /* Project object */;
}
